{
  "pins" : [
    {
      "identity" : "cxxcoreaudio",
      "kind" : "remoteSourceControl",
      "location" : "https://github.com/sbooth/CXXCoreAudio",
      "state" : {
        "revision" : "e2c308d5411f01732b09864600b70ef62dd1762f",
        "version" : "0.6.0"
      }
    }
  ],
  "version" : 2
}
