{
  "pins" : [
    {
      "identity" : "cxxcoreaudio",
      "kind" : "remoteSourceControl",
      "location" : "https://github.com/sbooth/CXXCoreAudio",
      "state" : {
        "revision" : "1af4736ed771f9a6f37be42600e1bfe5208eb330",
        "version" : "0.5.1"
      }
    }
  ],
  "version" : 2
}
