{
  "pins" : [
    {
      "identity" : "cxxcoreaudio",
      "kind" : "remoteSourceControl",
      "location" : "https://github.com/sbooth/CXXCoreAudio",
      "state" : {
        "revision" : "eb31e9f3b45c387b1b8995883ea788ac32113910",
        "version" : "0.3.0"
      }
    }
  ],
  "version" : 2
}
